// !$*UTF8*$!
{
	archiveVersion = 1;
	classes = {
	};
	objectVersion = 50;
	objects = {

/* Begin PBXBuildFile section */
		86C7CCDE24B834A400F917BF /* AppDelegate.swift in Sources */ = {isa = PBXBuildFile; fileRef = 86C7CCDD24B834A400F917BF /* AppDelegate.swift */; };
		86C7CCE024B834A400F917BF /* SceneDelegate.swift in Sources */ = {isa = PBXBuildFile; fileRef = 86C7CCDF24B834A400F917BF /* SceneDelegate.swift */; };
		86C7CCE324B834A400F917BF /* Bookworm.xcdatamodeld in Sources */ = {isa = PBXBuildFile; fileRef = 86C7CCE124B834A400F917BF /* Bookworm.xcdatamodeld */; };
		86C7CCE524B834A400F917BF /* ContentView.swift in Sources */ = {isa = PBXBuildFile; fileRef = 86C7CCE424B834A400F917BF /* ContentView.swift */; };
		86C7CCE724B834A900F917BF /* Assets.xcassets in Resources */ = {isa = PBXBuildFile; fileRef = 86C7CCE624B834A900F917BF /* Assets.xcassets */; };
		86C7CCEA24B834A900F917BF /* Preview Assets.xcassets in Resources */ = {isa = PBXBuildFile; fileRef = 86C7CCE924B834A900F917BF /* Preview Assets.xcassets */; };
		86C7CCED24B834A900F917BF /* LaunchScreen.storyboard in Resources */ = {isa = PBXBuildFile; fileRef = 86C7CCEB24B834A900F917BF /* LaunchScreen.storyboard */; };
		86C7CCF524B8356D00F917BF /* AddBookView.swift in Sources */ = {isa = PBXBuildFile; fileRef = 86C7CCF424B8356D00F917BF /* AddBookView.swift */; };
		86C7CCF724B83BCB00F917BF /* RatingView.swift in Sources */ = {isa = PBXBuildFile; fileRef = 86C7CCF624B83BCB00F917BF /* RatingView.swift */; };
		86C7CCF924B83F2700F917BF /* EmojiRatingView.swift in Sources */ = {isa = PBXBuildFile; fileRef = 86C7CCF824B83F2700F917BF /* EmojiRatingView.swift */; };
		86C7CCFB24B8419100F917BF /* DetailView.swift in Sources */ = {isa = PBXBuildFile; fileRef = 86C7CCFA24B8419100F917BF /* DetailView.swift */; };
/* End PBXBuildFile section */

/* Begin PBXFileReference section */
		86C7CCDA24B834A400F917BF /* Bookworm.app */ = {isa = PBXFileReference; explicitFileType = wrapper.application; includeInIndex = 0; path = Bookworm.app; sourceTree = BUILT_PRODUCTS_DIR; };
		86C7CCDD24B834A400F917BF /* AppDelegate.swift */ = {isa = PBXFileReference; lastKnownFileType = sourcecode.swift; path = AppDelegate.swift; sourceTree = "<group>"; };
		86C7CCDF24B834A400F917BF /* SceneDelegate.swift */ = {isa = PBXFileReference; lastKnownFileType = sourcecode.swift; path = SceneDelegate.swift; sourceTree = "<group>"; };
		86C7CCE224B834A400F917BF /* Bookworm.xcdatamodel */ = {isa = PBXFileReference; lastKnownFileType = wrapper.xcdatamodel; path = Bookworm.xcdatamodel; sourceTree = "<group>"; };
		86C7CCE424B834A400F917BF /* ContentView.swift */ = {isa = PBXFileReference; lastKnownFileType = sourcecode.swift; path = ContentView.swift; sourceTree = "<group>"; };
		86C7CCE624B834A900F917BF /* Assets.xcassets */ = {isa = PBXFileReference; lastKnownFileType = folder.assetcatalog; path = Assets.xcassets; sourceTree = "<group>"; };
		86C7CCE924B834A900F917BF /* Preview Assets.xcassets */ = {isa = PBXFileReference; lastKnownFileType = folder.assetcatalog; path = "Preview Assets.xcassets"; sourceTree = "<group>"; };
		86C7CCEC24B834A900F917BF /* Base */ = {isa = PBXFileReference; lastKnownFileType = file.storyboard; name = Base; path = Base.lproj/LaunchScreen.storyboard; sourceTree = "<group>"; };
		86C7CCEE24B834A900F917BF /* Info.plist */ = {isa = PBXFileReference; lastKnownFileType = text.plist.xml; path = Info.plist; sourceTree = "<group>"; };
		86C7CCF424B8356D00F917BF /* AddBookView.swift */ = {isa = PBXFileReference; lastKnownFileType = sourcecode.swift; path = AddBookView.swift; sourceTree = "<group>"; };
		86C7CCF624B83BCB00F917BF /* RatingView.swift */ = {isa = PBXFileReference; lastKnownFileType = sourcecode.swift; path = RatingView.swift; sourceTree = "<group>"; };
		86C7CCF824B83F2700F917BF /* EmojiRatingView.swift */ = {isa = PBXFileReference; lastKnownFileType = sourcecode.swift; path = EmojiRatingView.swift; sourceTree = "<group>"; };
		86C7CCFA24B8419100F917BF /* DetailView.swift */ = {isa = PBXFileReference; lastKnownFileType = sourcecode.swift; path = DetailView.swift; sourceTree = "<group>"; };
/* End PBXFileReference section */

/* Begin PBXFrameworksBuildPhase section */
		86C7CCD724B834A400F917BF /* Frameworks */ = {
			isa = PBXFrameworksBuildPhase;
			buildActionMask = 2147483647;
			files = (
			);
			runOnlyForDeploymentPostprocessing = 0;
		};
/* End PBXFrameworksBuildPhase section */

/* Begin PBXGroup section */
		86C7CCD124B834A400F917BF = {
			isa = PBXGroup;
			children = (
				86C7CCDC24B834A400F917BF /* Bookworm */,
				86C7CCDB24B834A400F917BF /* Products */,
			);
			sourceTree = "<group>";
		};
		86C7CCDB24B834A400F917BF /* Products */ = {
			isa = PBXGroup;
			children = (
				86C7CCDA24B834A400F917BF /* Bookworm.app */,
			);
			name = Products;
			sourceTree = "<group>";
		};
		86C7CCDC24B834A400F917BF /* Bookworm */ = {
			isa = PBXGroup;
			children = (
				86C7CCDD24B834A400F917BF /* AppDelegate.swift */,
				86C7CCDF24B834A400F917BF /* SceneDelegate.swift */,
				86C7CCE424B834A400F917BF /* ContentView.swift */,
				86C7CCF824B83F2700F917BF /* EmojiRatingView.swift */,
				86C7CCF424B8356D00F917BF /* AddBookView.swift */,
				86C7CCF624B83BCB00F917BF /* RatingView.swift */,
				86C7CCFA24B8419100F917BF /* DetailView.swift */,
				86C7CCE624B834A900F917BF /* Assets.xcassets */,
				86C7CCEB24B834A900F917BF /* LaunchScreen.storyboard */,
				86C7CCEE24B834A900F917BF /* Info.plist */,
				86C7CCE124B834A400F917BF /* Bookworm.xcdatamodeld */,
				86C7CCE824B834A900F917BF /* Preview Content */,
			);
			path = Bookworm;
			sourceTree = "<group>";
		};
		86C7CCE824B834A900F917BF /* Preview Content */ = {
			isa = PBXGroup;
			children = (
				86C7CCE924B834A900F917BF /* Preview Assets.xcassets */,
			);
			path = "Preview Content";
			sourceTree = "<group>";
		};
/* End PBXGroup section */

/* Begin PBXNativeTarget section */
		86C7CCD924B834A400F917BF /* Bookworm */ = {
			isa = PBXNativeTarget;
			buildConfigurationList = 86C7CCF124B834A900F917BF /* Build configuration list for PBXNativeTarget "Bookworm" */;
			buildPhases = (
				86C7CCD624B834A400F917BF /* Sources */,
				86C7CCD724B834A400F917BF /* Frameworks */,
				86C7CCD824B834A400F917BF /* Resources */,
			);
			buildRules = (
			);
			dependencies = (
			);
			name = Bookworm;
			productName = Bookworm;
			productReference = 86C7CCDA24B834A400F917BF /* Bookworm.app */;
			productType = "com.apple.product-type.application";
		};
/* End PBXNativeTarget section */

/* Begin PBXProject section */
		86C7CCD224B834A400F917BF /* Project object */ = {
			isa = PBXProject;
			attributes = {
				LastSwiftUpdateCheck = 1150;
				LastUpgradeCheck = 1150;
				ORGANIZATIONNAME = "Garima Bothra";
				TargetAttributes = {
					86C7CCD924B834A400F917BF = {
						CreatedOnToolsVersion = 11.5;
					};
				};
			};
			buildConfigurationList = 86C7CCD524B834A400F917BF /* Build configuration list for PBXProject "Bookworm" */;
			compatibilityVersion = "Xcode 9.3";
			developmentRegion = en;
			hasScannedForEncodings = 0;
			knownRegions = (
				en,
				Base,
			);
			mainGroup = 86C7CCD124B834A400F917BF;
			productRefGroup = 86C7CCDB24B834A400F917BF /* Products */;
			projectDirPath = "";
			projectRoot = "";
			targets = (
				86C7CCD924B834A400F917BF /* Bookworm */,
			);
		};
/* End PBXProject section */

/* Begin PBXResourcesBuildPhase section */
		86C7CCD824B834A400F917BF /* Resources */ = {
			isa = PBXResourcesBuildPhase;
			buildActionMask = 2147483647;
			files = (
				86C7CCED24B834A900F917BF /* LaunchScreen.storyboard in Resources */,
				86C7CCEA24B834A900F917BF /* Preview Assets.xcassets in Resources */,
				86C7CCE724B834A900F917BF /* Assets.xcassets in Resources */,
			);
			runOnlyForDeploymentPostprocessing = 0;
		};
/* End PBXResourcesBuildPhase section */

/* Begin PBXSourcesBuildPhase section */
		86C7CCD624B834A400F917BF /* Sources */ = {
			isa = PBXSourcesBuildPhase;
			buildActionMask = 2147483647;
			files = (
				86C7CCDE24B834A400F917BF /* AppDelegate.swift in Sources */,
				86C7CCFB24B8419100F917BF /* DetailView.swift in Sources */,
				86C7CCE324B834A400F917BF /* Bookworm.xcdatamodeld in Sources */,
				86C7CCF924B83F2700F917BF /* EmojiRatingView.swift in Sources */,
				86C7CCE524B834A400F917BF /* ContentView.swift in Sources */,
				86C7CCF724B83BCB00F917BF /* RatingView.swift in Sources */,
				86C7CCE024B834A400F917BF /* SceneDelegate.swift in Sources */,
				86C7CCF524B8356D00F917BF /* AddBookView.swift in Sources */,
			);
			runOnlyForDeploymentPostprocessing = 0;
		};
/* End PBXSourcesBuildPhase section */

/* Begin PBXVariantGroup section */
		86C7CCEB24B834A900F917BF /* LaunchScreen.storyboard */ = {
			isa = PBXVariantGroup;
			children = (
				86C7CCEC24B834A900F917BF /* Base */,
			);
			name = LaunchScreen.storyboard;
			sourceTree = "<group>";
		};
/* End PBXVariantGroup section */

/* Begin XCBuildConfiguration section */
		86C7CCEF24B834A900F917BF /* Debug */ = {
			isa = XCBuildConfiguration;
			buildSettings = {
				ALWAYS_SEARCH_USER_PATHS = NO;
				CLANG_ANALYZER_NONNULL = YES;
				CLANG_ANALYZER_NUMBER_OBJECT_CONVERSION = YES_AGGRESSIVE;
				CLANG_CXX_LANGUAGE_STANDARD = "gnu++14";
				CLANG_CXX_LIBRARY = "libc++";
				CLANG_ENABLE_MODULES = YES;
				CLANG_ENABLE_OBJC_ARC = YES;
				CLANG_ENABLE_OBJC_WEAK = YES;
				CLANG_WARN_BLOCK_CAPTURE_AUTORELEASING = YES;
				CLANG_WARN_BOOL_CONVERSION = YES;
				CLANG_WARN_COMMA = YES;
				CLANG_WARN_CONSTANT_CONVERSION = YES;
				CLANG_WARN_DEPRECATED_OBJC_IMPLEMENTATIONS = YES;
				CLANG_WARN_DIRECT_OBJC_ISA_USAGE = YES_ERROR;
				CLANG_WARN_DOCUMENTATION_COMMENTS = YES;
				CLANG_WARN_EMPTY_BODY = YES;
				CLANG_WARN_ENUM_CONVERSION = YES;
				CLANG_WARN_INFINITE_RECURSION = YES;
				CLANG_WARN_INT_CONVERSION = YES;
				CLANG_WARN_NON_LITERAL_NULL_CONVERSION = YES;
				CLANG_WARN_OBJC_IMPLICIT_RETAIN_SELF = YES;
				CLANG_WARN_OBJC_LITERAL_CONVERSION = YES;
				CLANG_WARN_OBJC_ROOT_CLASS = YES_ERROR;
				CLANG_WARN_RANGE_LOOP_ANALYSIS = YES;
				CLANG_WARN_STRICT_PROTOTYPES = YES;
				CLANG_WARN_SUSPICIOUS_MOVE = YES;
				CLANG_WARN_UNGUARDED_AVAILABILITY = YES_AGGRESSIVE;
				CLANG_WARN_UNREACHABLE_CODE = YES;
				CLANG_WARN__DUPLICATE_METHOD_MATCH = YES;
				COPY_PHASE_STRIP = NO;
				DEBUG_INFORMATION_FORMAT = dwarf;
				ENABLE_STRICT_OBJC_MSGSEND = YES;
				ENABLE_TESTABILITY = YES;
				GCC_C_LANGUAGE_STANDARD = gnu11;
				GCC_DYNAMIC_NO_PIC = NO;
				GCC_NO_COMMON_BLOCKS = YES;
				GCC_OPTIMIZATION_LEVEL = 0;
				GCC_PREPROCESSOR_DEFINITIONS = (
					"DEBUG=1",
					"$(inherited)",
				);
				GCC_WARN_64_TO_32_BIT_CONVERSION = YES;
				GCC_WARN_ABOUT_RETURN_TYPE = YES_ERROR;
				GCC_WARN_UNDECLARED_SELECTOR = YES;
				GCC_WARN_UNINITIALIZED_AUTOS = YES_AGGRESSIVE;
				GCC_WARN_UNUSED_FUNCTION = YES;
				GCC_WARN_UNUSED_VARIABLE = YES;
				IPHONEOS_DEPLOYMENT_TARGET = 13.5;
				MTL_ENABLE_DEBUG_INFO = INCLUDE_SOURCE;
				MTL_FAST_MATH = YES;
				ONLY_ACTIVE_ARCH = YES;
				SDKROOT = iphoneos;
				SWIFT_ACTIVE_COMPILATION_CONDITIONS = DEBUG;
				SWIFT_OPTIMIZATION_LEVEL = "-Onone";
			};
			name = Debug;
		};
		86C7CCF024B834A900F917BF /* Release */ = {
			isa = XCBuildConfiguration;
			buildSettings = {
				ALWAYS_SEARCH_USER_PATHS = NO;
				CLANG_ANALYZER_NONNULL = YES;
				CLANG_ANALYZER_NUMBER_OBJECT_CONVERSION = YES_AGGRESSIVE;
				CLANG_CXX_LANGUAGE_STANDARD = "gnu++14";
				CLANG_CXX_LIBRARY = "libc++";
				CLANG_ENABLE_MODULES = YES;
				CLANG_ENABLE_OBJC_ARC = YES;
				CLANG_ENABLE_OBJC_WEAK = YES;
				CLANG_WARN_BLOCK_CAPTURE_AUTORELEASING = YES;
				CLANG_WARN_BOOL_CONVERSION = YES;
				CLANG_WARN_COMMA = YES;
				CLANG_WARN_CONSTANT_CONVERSION = YES;
				CLANG_WARN_DEPRECATED_OBJC_IMPLEMENTATIONS = YES;
				CLANG_WARN_DIRECT_OBJC_ISA_USAGE = YES_ERROR;
				CLANG_WARN_DOCUMENTATION_COMMENTS = YES;
				CLANG_WARN_EMPTY_BODY = YES;
				CLANG_WARN_ENUM_CONVERSION = YES;
				CLANG_WARN_INFINITE_RECURSION = YES;
				CLANG_WARN_INT_CONVERSION = YES;
				CLANG_WARN_NON_LITERAL_NULL_CONVERSION = YES;
				CLANG_WARN_OBJC_IMPLICIT_RETAIN_SELF = YES;
				CLANG_WARN_OBJC_LITERAL_CONVERSION = YES;
				CLANG_WARN_OBJC_ROOT_CLASS = YES_ERROR;
				CLANG_WARN_RANGE_LOOP_ANALYSIS = YES;
				CLANG_WARN_STRICT_PROTOTYPES = YES;
				CLANG_WARN_SUSPICIOUS_MOVE = YES;
				CLANG_WARN_UNGUARDED_AVAILABILITY = YES_AGGRESSIVE;
				CLANG_WARN_UNREACHABLE_CODE = YES;
				CLANG_WARN__DUPLICATE_METHOD_MATCH = YES;
				COPY_PHASE_STRIP = NO;
				DEBUG_INFORMATION_FORMAT = "dwarf-with-dsym";
				ENABLE_NS_ASSERTIONS = NO;
				ENABLE_STRICT_OBJC_MSGSEND = YES;
				GCC_C_LANGUAGE_STANDARD = gnu11;
				GCC_NO_COMMON_BLOCKS = YES;
				GCC_WARN_64_TO_32_BIT_CONVERSION = YES;
				GCC_WARN_ABOUT_RETURN_TYPE = YES_ERROR;
				GCC_WARN_UNDECLARED_SELECTOR = YES;
				GCC_WARN_UNINITIALIZED_AUTOS = YES_AGGRESSIVE;
				GCC_WARN_UNUSED_FUNCTION = YES;
				GCC_WARN_UNUSED_VARIABLE = YES;
				IPHONEOS_DEPLOYMENT_TARGET = 13.5;
				MTL_ENABLE_DEBUG_INFO = NO;
				MTL_FAST_MATH = YES;
				SDKROOT = iphoneos;
				SWIFT_COMPILATION_MODE = wholemodule;
				SWIFT_OPTIMIZATION_LEVEL = "-O";
				VALIDATE_PRODUCT = YES;
			};
			name = Release;
		};
		86C7CCF224B834A900F917BF /* Debug */ = {
			isa = XCBuildConfiguration;
			buildSettings = {
				ASSETCATALOG_COMPILER_APPICON_NAME = AppIcon;
				CODE_SIGN_STYLE = Automatic;
				DEVELOPMENT_ASSET_PATHS = "\"Bookworm/Preview Content\"";
				DEVELOPMENT_TEAM = 33G6XV4555;
				ENABLE_PREVIEWS = YES;
				INFOPLIST_FILE = Bookworm/Info.plist;
				LD_RUNPATH_SEARCH_PATHS = (
					"$(inherited)",
					"@executable_path/Frameworks",
				);
				PRODUCT_BUNDLE_IDENTIFIER = com.garimabothra.Bookworm;
				PRODUCT_NAME = "$(TARGET_NAME)";
				SWIFT_VERSION = 5.0;
				TARGETED_DEVICE_FAMILY = "1,2";
			};
			name = Debug;
		};
		86C7CCF324B834A900F917BF /* Release */ = {
			isa = XCBuildConfiguration;
			buildSettings = {
				ASSETCATALOG_COMPILER_APPICON_NAME = AppIcon;
				CODE_SIGN_STYLE = Automatic;
				DEVELOPMENT_ASSET_PATHS = "\"Bookworm/Preview Content\"";
				DEVELOPMENT_TEAM = 33G6XV4555;
				ENABLE_PREVIEWS = YES;
				INFOPLIST_FILE = Bookworm/Info.plist;
				LD_RUNPATH_SEARCH_PATHS = (
					"$(inherited)",
					"@executable_path/Frameworks",
				);
				PRODUCT_BUNDLE_IDENTIFIER = com.garimabothra.Bookworm;
				PRODUCT_NAME = "$(TARGET_NAME)";
				SWIFT_VERSION = 5.0;
				TARGETED_DEVICE_FAMILY = "1,2";
			};
			name = Release;
		};
/* End XCBuildConfiguration section */

/* Begin XCConfigurationList section */
		86C7CCD524B834A400F917BF /* Build configuration list for PBXProject "Bookworm" */ = {
			isa = XCConfigurationList;
			buildConfigurations = (
				86C7CCEF24B834A900F917BF /* Debug */,
				86C7CCF024B834A900F917BF /* Release */,
			);
			defaultConfigurationIsVisible = 0;
			defaultConfigurationName = Release;
		};
		86C7CCF124B834A900F917BF /* Build configuration list for PBXNativeTarget "Bookworm" */ = {
			isa = XCConfigurationList;
			buildConfigurations = (
				86C7CCF224B834A900F917BF /* Debug */,
				86C7CCF324B834A900F917BF /* Release */,
			);
			defaultConfigurationIsVisible = 0;
			defaultConfigurationName = Release;
		};
/* End XCConfigurationList section */

/* Begin XCVersionGroup section */
		86C7CCE124B834A400F917BF /* Bookworm.xcdatamodeld */ = {
			isa = XCVersionGroup;
			children = (
				86C7CCE224B834A400F917BF /* Bookworm.xcdatamodel */,
			);
			currentVersion = 86C7CCE224B834A400F917BF /* Bookworm.xcdatamodel */;
			path = Bookworm.xcdatamodeld;
			sourceTree = "<group>";
			versionGroupType = wrapper.xcdatamodel;
		};
/* End XCVersionGroup section */
	};
	rootObject = 86C7CCD224B834A400F917BF /* Project object */;
}
